{
  "lockfileVersion": 1,
  "workspaces": {
    "": {
      "name": "deploy-tool",
      "dependencies": {
        "@types/ssh2": "^1.15.4",
        "archiver": "^7.0.1",
        "chalk": "^5.4.1",
        "minimatch": "^10.0.1",
        "pino": "^9.6.0",
        "ssh2": "^1.16.0",
      },
      "devDependencies": {
        "@types/archiver": "^6.0.3",
        "@types/bun": "latest",
        "@types/node": "^22.13.11",
      },
      "peerDependencies": {
        "typescript": "^5.0.0",
      },
    },
  },
  "packages": {
    "@isaacs/cliui": ["@isaacs/cliui@8.0.2", "", { "dependencies": { "string-width": "^5.1.2", "string-width-cjs": "npm:string-width@^4.2.0", "strip-ansi": "^7.0.1", "strip-ansi-cjs": "npm:strip-ansi@^6.0.1", "wrap-ansi": "^8.1.0", "wrap-ansi-cjs": "npm:wrap-ansi@^7.0.0" } }, ""],

    "@pkgjs/parseargs": ["@pkgjs/parseargs@0.11.0", "", {}, ""],

    "@types/archiver": ["@types/archiver@6.0.3", "", { "dependencies": { "@types/readdir-glob": "*" } }, "sha512-a6wUll6k3zX6qs5KlxIggs1P1JcYJaTCx2gnlr+f0S1yd2DoaEwoIK10HmBaLnZwWneBz+JBm0dwcZu0zECBcQ=="],

    "@types/bun": ["@types/bun@1.2.4", "", { "dependencies": { "bun-types": "1.2.4" } }, "sha512-QtuV5OMR8/rdKJs213iwXDpfVvnskPXY/S0ZiFbsTjQZycuqPbMW8Gf/XhLfwE5njW8sxI2WjISURXPlHypMFA=="],

    "@types/node": ["@types/node@22.18.12", "", { "dependencies": { "undici-types": "~6.21.0" } }, "sha512-BICHQ67iqxQGFSzfCFTT7MRQ5XcBjG5aeKh5Ok38UBbPe5fxTyE+aHFxwVrGyr8GNlqFMLKD1D3P2K/1ks8tog=="],

    "@types/readdir-glob": ["@types/readdir-glob@1.1.5", "", { "dependencies": { "@types/node": "*" } }, "sha512-raiuEPUYqXu+nvtY2Pe8s8FEmZ3x5yAH4VkLdihcPdalvsHltomrRC9BzuStrJ9yk06470hS0Crw0f1pXqD+Hg=="],

    "@types/ssh2": ["@types/ssh2@1.15.4", "", { "dependencies": { "@types/node": "^18.11.18" } }, ""],

    "@types/ws": ["@types/ws@8.5.14", "", { "dependencies": { "@types/node": "*" } }, ""],

    "abort-controller": ["abort-controller@3.0.0", "", { "dependencies": { "event-target-shim": "^5.0.0" } }, ""],

    "ansi-regex": ["ansi-regex@6.1.0", "", {}, ""],

    "ansi-styles": ["ansi-styles@6.2.1", "", {}, ""],

    "archiver": ["archiver@7.0.1", "", { "dependencies": { "archiver-utils": "^5.0.2", "async": "^3.2.4", "buffer-crc32": "^1.0.0", "readable-stream": "^4.0.0", "readdir-glob": "^1.1.2", "tar-stream": "^3.0.0", "zip-stream": "^6.0.1" } }, ""],

    "archiver-utils": ["archiver-utils@5.0.2", "", { "dependencies": { "glob": "^10.0.0", "graceful-fs": "^4.2.0", "is-stream": "^2.0.1", "lazystream": "^1.0.0", "lodash": "^4.17.15", "normalize-path": "^3.0.0", "readable-stream": "^4.0.0" } }, ""],

    "asn1": ["asn1@0.2.6", "", { "dependencies": { "safer-buffer": "~2.1.0" } }, ""],

    "async": ["async@3.2.6", "", {}, ""],

    "atomic-sleep": ["atomic-sleep@1.0.0", "", {}, ""],

    "b4a": ["b4a@1.6.7", "", {}, ""],

    "balanced-match": ["balanced-match@1.0.2", "", {}, ""],

    "bare-events": ["bare-events@2.5.4", "", {}, ""],

    "base64-js": ["base64-js@1.5.1", "", {}, ""],

    "bcrypt-pbkdf": ["bcrypt-pbkdf@1.0.2", "", { "dependencies": { "tweetnacl": "^0.14.3" } }, ""],

    "brace-expansion": ["brace-expansion@2.0.1", "", { "dependencies": { "balanced-match": "^1.0.0" } }, ""],

    "buffer": ["buffer@6.0.3", "", { "dependencies": { "base64-js": "^1.3.1", "ieee754": "^1.2.1" } }, ""],

    "buffer-crc32": ["buffer-crc32@1.0.0", "", {}, ""],

    "buildcheck": ["buildcheck@0.0.6", "", {}, ""],

    "bun-types": ["bun-types@1.2.4", "", { "dependencies": { "@types/node": "*", "@types/ws": "~8.5.10" } }, ""],

    "chalk": ["chalk@5.4.1", "", {}, ""],

    "color-convert": ["color-convert@2.0.1", "", { "dependencies": { "color-name": "~1.1.4" } }, ""],

    "color-name": ["color-name@1.1.4", "", {}, ""],

    "compress-commons": ["compress-commons@6.0.2", "", { "dependencies": { "crc-32": "^1.2.0", "crc32-stream": "^6.0.0", "is-stream": "^2.0.1", "normalize-path": "^3.0.0", "readable-stream": "^4.0.0" } }, ""],

    "core-util-is": ["core-util-is@1.0.3", "", {}, ""],

    "cpu-features": ["cpu-features@0.0.10", "", { "dependencies": { "buildcheck": "~0.0.6", "nan": "^2.19.0" } }, ""],

    "crc-32": ["crc-32@1.2.2", "", { "bin": { "crc32": "bin/crc32.njs" } }, ""],

    "crc32-stream": ["crc32-stream@6.0.0", "", { "dependencies": { "crc-32": "^1.2.0", "readable-stream": "^4.0.0" } }, ""],

    "cross-spawn": ["cross-spawn@7.0.6", "", { "dependencies": { "path-key": "^3.1.0", "shebang-command": "^2.0.0", "which": "^2.0.1" } }, ""],

    "eastasianwidth": ["eastasianwidth@0.2.0", "", {}, ""],

    "emoji-regex": ["emoji-regex@9.2.2", "", {}, ""],

    "event-target-shim": ["event-target-shim@5.0.1", "", {}, ""],

    "events": ["events@3.3.0", "", {}, ""],

    "fast-fifo": ["fast-fifo@1.3.2", "", {}, ""],

    "fast-redact": ["fast-redact@3.5.0", "", {}, ""],

    "foreground-child": ["foreground-child@3.3.1", "", { "dependencies": { "cross-spawn": "^7.0.6", "signal-exit": "^4.0.1" } }, ""],

    "glob": ["glob@10.4.5", "", { "dependencies": { "foreground-child": "^3.1.0", "jackspeak": "^3.1.2", "minimatch": "^9.0.4", "minipass": "^7.1.2", "package-json-from-dist": "^1.0.0", "path-scurry": "^1.11.1" }, "bin": "dist/esm/bin.mjs" }, ""],

    "graceful-fs": ["graceful-fs@4.2.11", "", {}, ""],

    "ieee754": ["ieee754@1.2.1", "", {}, ""],

    "inherits": ["inherits@2.0.4", "", {}, ""],

    "is-fullwidth-code-point": ["is-fullwidth-code-point@3.0.0", "", {}, ""],

    "is-stream": ["is-stream@2.0.1", "", {}, ""],

    "isarray": ["isarray@1.0.0", "", {}, ""],

    "isexe": ["isexe@2.0.0", "", {}, ""],

    "jackspeak": ["jackspeak@3.4.3", "", { "dependencies": { "@isaacs/cliui": "^8.0.2" }, "optionalDependencies": { "@pkgjs/parseargs": "^0.11.0" } }, ""],

    "lazystream": ["lazystream@1.0.1", "", { "dependencies": { "readable-stream": "^2.0.5" } }, ""],

    "lodash": ["lodash@4.17.21", "", {}, ""],

    "lru-cache": ["lru-cache@10.4.3", "", {}, ""],

    "minimatch": ["minimatch@10.0.1", "", { "dependencies": { "brace-expansion": "^2.0.1" } }, ""],

    "minipass": ["minipass@7.1.2", "", {}, ""],

    "nan": ["nan@2.22.2", "", {}, ""],

    "normalize-path": ["normalize-path@3.0.0", "", {}, ""],

    "on-exit-leak-free": ["on-exit-leak-free@2.1.2", "", {}, ""],

    "package-json-from-dist": ["package-json-from-dist@1.0.1", "", {}, ""],

    "path-key": ["path-key@3.1.1", "", {}, ""],

    "path-scurry": ["path-scurry@1.11.1", "", { "dependencies": { "lru-cache": "^10.2.0", "minipass": "^5.0.0 || ^6.0.2 || ^7.0.0" } }, ""],

    "pino": ["pino@9.6.0", "", { "dependencies": { "atomic-sleep": "^1.0.0", "fast-redact": "^3.1.1", "on-exit-leak-free": "^2.1.0", "pino-abstract-transport": "^2.0.0", "pino-std-serializers": "^7.0.0", "process-warning": "^4.0.0", "quick-format-unescaped": "^4.0.3", "real-require": "^0.2.0", "safe-stable-stringify": "^2.3.1", "sonic-boom": "^4.0.1", "thread-stream": "^3.0.0" }, "bin": "bin.js" }, ""],

    "pino-abstract-transport": ["pino-abstract-transport@2.0.0", "", { "dependencies": { "split2": "^4.0.0" } }, ""],

    "pino-std-serializers": ["pino-std-serializers@7.0.0", "", {}, ""],

    "process": ["process@0.11.10", "", {}, ""],

    "process-nextick-args": ["process-nextick-args@2.0.1", "", {}, ""],

    "process-warning": ["process-warning@4.0.1", "", {}, ""],

    "quick-format-unescaped": ["quick-format-unescaped@4.0.4", "", {}, ""],

    "readable-stream": ["readable-stream@4.7.0", "", { "dependencies": { "abort-controller": "^3.0.0", "buffer": "^6.0.3", "events": "^3.3.0", "process": "^0.11.10", "string_decoder": "^1.3.0" } }, ""],

    "readdir-glob": ["readdir-glob@1.1.3", "", { "dependencies": { "minimatch": "^5.1.0" } }, ""],

    "real-require": ["real-require@0.2.0", "", {}, ""],

    "safe-buffer": ["safe-buffer@5.2.1", "", {}, ""],

    "safe-stable-stringify": ["safe-stable-stringify@2.5.0", "", {}, ""],

    "safer-buffer": ["safer-buffer@2.1.2", "", {}, ""],

    "shebang-command": ["shebang-command@2.0.0", "", { "dependencies": { "shebang-regex": "^3.0.0" } }, ""],

    "shebang-regex": ["shebang-regex@3.0.0", "", {}, ""],

    "signal-exit": ["signal-exit@4.1.0", "", {}, ""],

    "sonic-boom": ["sonic-boom@4.2.0", "", { "dependencies": { "atomic-sleep": "^1.0.0" } }, ""],

    "split2": ["split2@4.2.0", "", {}, ""],

    "ssh2": ["ssh2@1.16.0", "", { "dependencies": { "asn1": "^0.2.6", "bcrypt-pbkdf": "^1.0.2" }, "optionalDependencies": { "cpu-features": "~0.0.10", "nan": "^2.20.0" } }, ""],

    "streamx": ["streamx@2.22.0", "", { "dependencies": { "fast-fifo": "^1.3.2", "text-decoder": "^1.1.0" }, "optionalDependencies": { "bare-events": "^2.2.0" } }, ""],

    "string-width": ["string-width@5.1.2", "", { "dependencies": { "eastasianwidth": "^0.2.0", "emoji-regex": "^9.2.2", "strip-ansi": "^7.0.1" } }, ""],

    "string-width-cjs": ["string-width@4.2.3", "", { "dependencies": { "emoji-regex": "^8.0.0", "is-fullwidth-code-point": "^3.0.0", "strip-ansi": "^6.0.1" } }, ""],

    "string_decoder": ["string_decoder@1.3.0", "", { "dependencies": { "safe-buffer": "~5.2.0" } }, ""],

    "strip-ansi": ["strip-ansi@7.1.0", "", { "dependencies": { "ansi-regex": "^6.0.1" } }, ""],

    "strip-ansi-cjs": ["strip-ansi@6.0.1", "", { "dependencies": { "ansi-regex": "^5.0.1" } }, ""],

    "tar-stream": ["tar-stream@3.1.7", "", { "dependencies": { "b4a": "^1.6.4", "fast-fifo": "^1.2.0", "streamx": "^2.15.0" } }, ""],

    "text-decoder": ["text-decoder@1.2.3", "", { "dependencies": { "b4a": "^1.6.4" } }, ""],

    "thread-stream": ["thread-stream@3.1.0", "", { "dependencies": { "real-require": "^0.2.0" } }, ""],

    "tweetnacl": ["tweetnacl@0.14.5", "", {}, ""],

    "typescript": ["typescript@5.8.2", "", { "bin": { "tsc": "bin/tsc", "tsserver": "bin/tsserver" } }, ""],

    "undici-types": ["undici-types@6.21.0", "", {}, "sha512-iwDZqg0QAGrg9Rav5H4n0M64c3mkR59cJ6wQp+7C4nI0gsmExaedaYLNO44eT4AtBBwjbTiGPMlt2Md0T9H9JQ=="],

    "util-deprecate": ["util-deprecate@1.0.2", "", {}, ""],

    "which": ["which@2.0.2", "", { "dependencies": { "isexe": "^2.0.0" }, "bin": { "node-which": "bin/node-which" } }, ""],

    "wrap-ansi": ["wrap-ansi@8.1.0", "", { "dependencies": { "ansi-styles": "^6.1.0", "string-width": "^5.0.1", "strip-ansi": "^7.0.1" } }, ""],

    "wrap-ansi-cjs": ["wrap-ansi@7.0.0", "", { "dependencies": { "ansi-styles": "^4.0.0", "string-width": "^4.1.0", "strip-ansi": "^6.0.0" } }, ""],

    "zip-stream": ["zip-stream@6.0.1", "", { "dependencies": { "archiver-utils": "^5.0.0", "compress-commons": "^6.0.2", "readable-stream": "^4.0.0" } }, ""],

    "@types/readdir-glob/@types/node": ["@types/node@18.19.78", "", { "dependencies": { "undici-types": "~5.26.4" } }, ""],

    "@types/ssh2/@types/node": ["@types/node@18.19.78", "", { "dependencies": { "undici-types": "~5.26.4" } }, ""],

    "@types/ws/@types/node": ["@types/node@22.13.8", "", { "dependencies": { "undici-types": "~6.20.0" } }, ""],

    "bun-types/@types/node": ["@types/node@22.13.8", "", { "dependencies": { "undici-types": "~6.20.0" } }, ""],

    "glob/minimatch": ["minimatch@9.0.5", "", { "dependencies": { "brace-expansion": "^2.0.1" } }, ""],

    "lazystream/readable-stream": ["readable-stream@2.3.8", "", { "dependencies": { "core-util-is": "~1.0.0", "inherits": "~2.0.3", "isarray": "~1.0.0", "process-nextick-args": "~2.0.0", "safe-buffer": "~5.1.1", "string_decoder": "~1.1.1", "util-deprecate": "~1.0.1" } }, ""],

    "readdir-glob/minimatch": ["minimatch@5.1.6", "", { "dependencies": { "brace-expansion": "^2.0.1" } }, ""],

    "string-width-cjs/emoji-regex": ["emoji-regex@8.0.0", "", {}, ""],

    "string-width-cjs/strip-ansi": ["strip-ansi@6.0.1", "", { "dependencies": { "ansi-regex": "^5.0.1" } }, ""],

    "strip-ansi-cjs/ansi-regex": ["ansi-regex@5.0.1", "", {}, ""],

    "wrap-ansi-cjs/ansi-styles": ["ansi-styles@4.3.0", "", { "dependencies": { "color-convert": "^2.0.1" } }, ""],

    "wrap-ansi-cjs/string-width": ["string-width@4.2.3", "", { "dependencies": { "emoji-regex": "^8.0.0", "is-fullwidth-code-point": "^3.0.0", "strip-ansi": "^6.0.1" } }, ""],

    "wrap-ansi-cjs/strip-ansi": ["strip-ansi@6.0.1", "", { "dependencies": { "ansi-regex": "^5.0.1" } }, ""],

    "@types/readdir-glob/@types/node/undici-types": ["undici-types@5.26.5", "", {}, ""],

    "@types/ssh2/@types/node/undici-types": ["undici-types@5.26.5", "", {}, ""],

    "@types/ws/@types/node/undici-types": ["undici-types@6.20.0", "", {}, ""],

    "bun-types/@types/node/undici-types": ["undici-types@6.20.0", "", {}, ""],

    "lazystream/readable-stream/safe-buffer": ["safe-buffer@5.1.2", "", {}, ""],

    "lazystream/readable-stream/string_decoder": ["string_decoder@1.1.1", "", { "dependencies": { "safe-buffer": "~5.1.0" } }, ""],

    "string-width-cjs/strip-ansi/ansi-regex": ["ansi-regex@5.0.1", "", {}, ""],

    "wrap-ansi-cjs/string-width/emoji-regex": ["emoji-regex@8.0.0", "", {}, ""],

    "wrap-ansi-cjs/strip-ansi/ansi-regex": ["ansi-regex@5.0.1", "", {}, ""],
  }
}
